
Microsoft Visual Studio Solution File, Format Version 12.00
# Visual Studio Version 16
VisualStudioVersion = 16.0.31112.23
MinimumVisualStudioVersion = 10.0.40219.1
Project("{9A19103F-16F7-4668-BE54-9A1E7A4F7556}") = "TwitterApi", "..\TwitterApi\TwitterApi\TwitterApi.csproj", "{7EE31C05-36DD-42EB-9CD9-8FA23DB8F34B}"
EndProject
Global
	GlobalSection(SolutionConfigurationPlatforms) = preSolution
		Debug|Any CPU = Debug|Any CPU
		Release|Any CPU = Release|Any CPU
	EndGlobalSection
	GlobalSection(ProjectConfigurationPlatforms) = postSolution
		{7EE31C05-36DD-42EB-9CD9-8FA23DB8F34B}.Debug|Any CPU.ActiveCfg = Debug|Any CPU
		{7EE31C05-36DD-42EB-9CD9-8FA23DB8F34B}.Debug|Any CPU.Build.0 = Debug|Any CPU
		{7EE31C05-36DD-42EB-9CD9-8FA23DB8F34B}.Release|Any CPU.ActiveCfg = Release|Any CPU
		{7EE31C05-36DD-42EB-9CD9-8FA23DB8F34B}.Release|Any CPU.Build.0 = Release|Any CPU
	EndGlobalSection
	GlobalSection(SolutionProperties) = preSolution
		HideSolutionNode = FALSE
	EndGlobalSection
	GlobalSection(ExtensibilityGlobals) = postSolution
		SolutionGuid = {8694ACA9-13DC-476D-B17C-28CAB8FFE333}
	EndGlobalSection
EndGlobal
